
Microsoft Visual Studio Solution File, Format Version 12.00
# Visual Studio Version 17
VisualStudioVersion = 17.8.34316.72
MinimumVisualStudioVersion = 10.0.40219.1
Project("{FAE04EC0-301F-11D3-BF4B-00C04F79EFBC}") = "String Methods", "String Methods\String Methods.csproj", "{246A729A-1511-4075-81D2-1C1DEE04BFE2}"
EndProject
Global
	GlobalSection(SolutionConfigurationPlatforms) = preSolution
		Debug|Any CPU = Debug|Any CPU
		Release|Any CPU = Release|Any CPU
	EndGlobalSection
	GlobalSection(ProjectConfigurationPlatforms) = postSolution
		{246A729A-1511-4075-81D2-1C1DEE04BFE2}.Debug|Any CPU.ActiveCfg = Debug|Any CPU
		{246A729A-1511-4075-81D2-1C1DEE04BFE2}.Debug|Any CPU.Build.0 = Debug|Any CPU
		{246A729A-1511-4075-81D2-1C1DEE04BFE2}.Release|Any CPU.ActiveCfg = Release|Any CPU
		{246A729A-1511-4075-81D2-1C1DEE04BFE2}.Release|Any CPU.Build.0 = Release|Any CPU
	EndGlobalSection
	GlobalSection(SolutionProperties) = preSolution
		HideSolutionNode = FALSE
	EndGlobalSection
	GlobalSection(ExtensibilityGlobals) = postSolution
		SolutionGuid = {509F0B2D-656F-412F-B742-8174DC2A5452}
	EndGlobalSection
EndGlobal
