
Microsoft Visual Studio Solution File, Format Version 12.00
# Visual Studio Version 17
VisualStudioVersion = 17.8.34316.72
MinimumVisualStudioVersion = 10.0.40219.1
Project("{FAE04EC0-301F-11D3-BF4B-00C04F79EFBC}") = "HelloWorld", "HelloWorld\HelloWorld.csproj", "{A6120788-27B9-49D4-9D9C-983B2435BC07}"
EndProject
Global
	GlobalSection(SolutionConfigurationPlatforms) = preSolution
		Debug|Any CPU = Debug|Any CPU
		Release|Any CPU = Release|Any CPU
	EndGlobalSection
	GlobalSection(ProjectConfigurationPlatforms) = postSolution
		{A6120788-27B9-49D4-9D9C-983B2435BC07}.Debug|Any CPU.ActiveCfg = Debug|Any CPU
		{A6120788-27B9-49D4-9D9C-983B2435BC07}.Debug|Any CPU.Build.0 = Debug|Any CPU
		{A6120788-27B9-49D4-9D9C-983B2435BC07}.Release|Any CPU.ActiveCfg = Release|Any CPU
		{A6120788-27B9-49D4-9D9C-983B2435BC07}.Release|Any CPU.Build.0 = Release|Any CPU
	EndGlobalSection
	GlobalSection(SolutionProperties) = preSolution
		HideSolutionNode = FALSE
	EndGlobalSection
	GlobalSection(ExtensibilityGlobals) = postSolution
		SolutionGuid = {AAFC2500-FB8F-440F-9F28-CCE89C5E5977}
	EndGlobalSection
EndGlobal
